
Microsoft Visual Studio Solution File, Format Version 12.00
# Visual Studio Version 16
VisualStudioVersion = 16.0.31321.278
MinimumVisualStudioVersion = 10.0.40219.1
Project("{FAE04EC0-301F-11D3-BF4B-00C04F79EFBC}") = "Pathfinding-Visualizer", "Pathfinding-Visualizer\Pathfinding-Visualizer.csproj", "{DDB72F86-A4F0-4D74-AA08-97613DD2E39F}"
EndProject
Global
	GlobalSection(SolutionConfigurationPlatforms) = preSolution
		Debug|Any CPU = Debug|Any CPU
		Release|Any CPU = Release|Any CPU
	EndGlobalSection
	GlobalSection(ProjectConfigurationPlatforms) = postSolution
		{DDB72F86-A4F0-4D74-AA08-97613DD2E39F}.Debug|Any CPU.ActiveCfg = Debug|Any CPU
		{DDB72F86-A4F0-4D74-AA08-97613DD2E39F}.Debug|Any CPU.Build.0 = Debug|Any CPU
		{DDB72F86-A4F0-4D74-AA08-97613DD2E39F}.Release|Any CPU.ActiveCfg = Release|Any CPU
		{DDB72F86-A4F0-4D74-AA08-97613DD2E39F}.Release|Any CPU.Build.0 = Release|Any CPU
	EndGlobalSection
	GlobalSection(SolutionProperties) = preSolution
		HideSolutionNode = FALSE
	EndGlobalSection
	GlobalSection(ExtensibilityGlobals) = postSolution
		SolutionGuid = {0B808BBE-B6E5-4801-BBF5-D5268E5ED0BF}
	EndGlobalSection
EndGlobal
